
Microsoft Visual Studio Solution File, Format Version 12.00
# Visual Studio 15
VisualStudioVersion = 15.0.28307.852
MinimumVisualStudioVersion = 10.0.40219.1
Project("{FAE04EC0-301F-11D3-BF4B-00C04F79EFBC}") = "Assignment2_N01387542_MarlMazo_5101B", "Assignment2_N01387542_MarlMazo_5101B\Assignment2_N01387542_MarlMazo_5101B.csproj", "{D1F9B4AC-010C-4907-96EA-E31DF4524026}"
EndProject
Global
	GlobalSection(SolutionConfigurationPlatforms) = preSolution
		Debug|Any CPU = Debug|Any CPU
		Release|Any CPU = Release|Any CPU
	EndGlobalSection
	GlobalSection(ProjectConfigurationPlatforms) = postSolution
		{D1F9B4AC-010C-4907-96EA-E31DF4524026}.Debug|Any CPU.ActiveCfg = Debug|Any CPU
		{D1F9B4AC-010C-4907-96EA-E31DF4524026}.Debug|Any CPU.Build.0 = Debug|Any CPU
		{D1F9B4AC-010C-4907-96EA-E31DF4524026}.Release|Any CPU.ActiveCfg = Release|Any CPU
		{D1F9B4AC-010C-4907-96EA-E31DF4524026}.Release|Any CPU.Build.0 = Release|Any CPU
	EndGlobalSection
	GlobalSection(SolutionProperties) = preSolution
		HideSolutionNode = FALSE
	EndGlobalSection
	GlobalSection(ExtensibilityGlobals) = postSolution
		SolutionGuid = {BA2F79A2-52E3-490A-990E-EB04F9606D05}
	EndGlobalSection
EndGlobal
